// !$*UTF8*$!
{
	archiveVersion = 1;
	classes = {
	};
	objectVersion = 55;
	objects = {

/* Begin PBXBuildFile section */
		3549CD01289934710078E266 /* Kingfisher in Frameworks */ = {isa = PBXBuildFile; productRef = 3549CD00289934710078E266 /* Kingfisher */; };
		35667D732898A9F70076F1E4 /* BeerViewController.swift in Sources */ = {isa = PBXBuildFile; fileRef = 35667D722898A9F70076F1E4 /* BeerViewController.swift */; };
		35667D752898BD1D0076F1E4 /* BoxOfficeModel.swift in Sources */ = {isa = PBXBuildFile; fileRef = 35667D742898BD1D0076F1E4 /* BoxOfficeModel.swift */; };
		35A749D328923B5B0000F619 /* WebViewController.swift in Sources */ = {isa = PBXBuildFile; fileRef = 35A749D228923B5B0000F619 /* WebViewController.swift */; };
		35AC94C62890DE9F0014E032 /* AppDelegate.swift in Sources */ = {isa = PBXBuildFile; fileRef = 35AC94C52890DE9F0014E032 /* AppDelegate.swift */; };
		35AC94C82890DE9F0014E032 /* SceneDelegate.swift in Sources */ = {isa = PBXBuildFile; fileRef = 35AC94C72890DE9F0014E032 /* SceneDelegate.swift */; };
		35AC94CA2890DE9F0014E032 /* ViewController.swift in Sources */ = {isa = PBXBuildFile; fileRef = 35AC94C92890DE9F0014E032 /* ViewController.swift */; };
		35AC94CD2890DE9F0014E032 /* Main.storyboard in Resources */ = {isa = PBXBuildFile; fileRef = 35AC94CB2890DE9F0014E032 /* Main.storyboard */; };
		35AC94CF2890DEA10014E032 /* Assets.xcassets in Resources */ = {isa = PBXBuildFile; fileRef = 35AC94CE2890DEA10014E032 /* Assets.xcassets */; };
		35AC94D22890DEA10014E032 /* LaunchScreen.storyboard in Resources */ = {isa = PBXBuildFile; fileRef = 35AC94D02890DEA10014E032 /* LaunchScreen.storyboard */; };
		35AC94DA2890E1FD0014E032 /* SearchViewController.swift in Sources */ = {isa = PBXBuildFile; fileRef = 35AC94D92890E1FD0014E032 /* SearchViewController.swift */; };
		35AC94DF2890E4E00014E032 /* ListTableViewCell.swift in Sources */ = {isa = PBXBuildFile; fileRef = 35AC94DD2890E4E00014E032 /* ListTableViewCell.swift */; };
		35AC94E02890E4E00014E032 /* ListTableViewCell.xib in Resources */ = {isa = PBXBuildFile; fileRef = 35AC94DE2890E4E00014E032 /* ListTableViewCell.xib */; };
		35AC94E328920CD90014E032 /* ViewPresentableProtocol.swift in Sources */ = {isa = PBXBuildFile; fileRef = 35AC94E228920CD90014E032 /* ViewPresentableProtocol.swift */; };
		35AC94E6289223780014E032 /* LottoViewController.swift in Sources */ = {isa = PBXBuildFile; fileRef = 35AC94E5289223780014E032 /* LottoViewController.swift */; };
		35AC94E82892306D0014E032 /* TranslateViewController.swift in Sources */ = {isa = PBXBuildFile; fileRef = 35AC94E72892306D0014E032 /* TranslateViewController.swift */; };
		35C4E0EF2897528400D9E05E /* ReusableViewProtocol.swift in Sources */ = {isa = PBXBuildFile; fileRef = 35C4E0EE2897528400D9E05E /* ReusableViewProtocol.swift */; };
		35C4E0F2289757AA00D9E05E /* Constant.swift in Sources */ = {isa = PBXBuildFile; fileRef = 35C4E0F1289757AA00D9E05E /* Constant.swift */; };
		35C4E0F428975FB800D9E05E /* UserDefaultsHelper.swift in Sources */ = {isa = PBXBuildFile; fileRef = 35C4E0F328975FB800D9E05E /* UserDefaultsHelper.swift */; };
		35C4E0F728977D0000D9E05E /* Alamofire in Frameworks */ = {isa = PBXBuildFile; productRef = 35C4E0F628977D0000D9E05E /* Alamofire */; };
		35C4E0FA28977D0900D9E05E /* SwiftyJSON in Frameworks */ = {isa = PBXBuildFile; productRef = 35C4E0F928977D0900D9E05E /* SwiftyJSON */; };
		35EB8FA928935D5D006A1101 /* LocationViewController.swift in Sources */ = {isa = PBXBuildFile; fileRef = 35EB8FA828935D5D006A1101 /* LocationViewController.swift */; };
		35EB8FAC289384FC006A1101 /* 강원교육모두 Bold.otf in Resources */ = {isa = PBXBuildFile; fileRef = 35EB8FAB289384FC006A1101 /* 강원교육모두 Bold.otf */; };
/* End PBXBuildFile section */

/* Begin PBXFileReference section */
		35667D722898A9F70076F1E4 /* BeerViewController.swift */ = {isa = PBXFileReference; lastKnownFileType = sourcecode.swift; path = BeerViewController.swift; sourceTree = "<group>"; };
		35667D742898BD1D0076F1E4 /* BoxOfficeModel.swift */ = {isa = PBXFileReference; lastKnownFileType = sourcecode.swift; path = BoxOfficeModel.swift; sourceTree = "<group>"; };
		35A749D228923B5B0000F619 /* WebViewController.swift */ = {isa = PBXFileReference; lastKnownFileType = sourcecode.swift; path = WebViewController.swift; sourceTree = "<group>"; };
		35AC94C22890DE9F0014E032 /* SeSAC2LectureNetworkBasic.app */ = {isa = PBXFileReference; explicitFileType = wrapper.application; includeInIndex = 0; path = SeSAC2LectureNetworkBasic.app; sourceTree = BUILT_PRODUCTS_DIR; };
		35AC94C52890DE9F0014E032 /* AppDelegate.swift */ = {isa = PBXFileReference; lastKnownFileType = sourcecode.swift; path = AppDelegate.swift; sourceTree = "<group>"; };
		35AC94C72890DE9F0014E032 /* SceneDelegate.swift */ = {isa = PBXFileReference; lastKnownFileType = sourcecode.swift; path = SceneDelegate.swift; sourceTree = "<group>"; };
		35AC94C92890DE9F0014E032 /* ViewController.swift */ = {isa = PBXFileReference; lastKnownFileType = sourcecode.swift; path = ViewController.swift; sourceTree = "<group>"; };
		35AC94CC2890DE9F0014E032 /* Base */ = {isa = PBXFileReference; lastKnownFileType = file.storyboard; name = Base; path = Base.lproj/Main.storyboard; sourceTree = "<group>"; };
		35AC94CE2890DEA10014E032 /* Assets.xcassets */ = {isa = PBXFileReference; lastKnownFileType = folder.assetcatalog; path = Assets.xcassets; sourceTree = "<group>"; };
		35AC94D12890DEA10014E032 /* Base */ = {isa = PBXFileReference; lastKnownFileType = file.storyboard; name = Base; path = Base.lproj/LaunchScreen.storyboard; sourceTree = "<group>"; };
		35AC94D32890DEA10014E032 /* Info.plist */ = {isa = PBXFileReference; lastKnownFileType = text.plist.xml; path = Info.plist; sourceTree = "<group>"; };
		35AC94D92890E1FD0014E032 /* SearchViewController.swift */ = {isa = PBXFileReference; lastKnownFileType = sourcecode.swift; path = SearchViewController.swift; sourceTree = "<group>"; };
		35AC94DD2890E4E00014E032 /* ListTableViewCell.swift */ = {isa = PBXFileReference; lastKnownFileType = sourcecode.swift; path = ListTableViewCell.swift; sourceTree = "<group>"; };
		35AC94DE2890E4E00014E032 /* ListTableViewCell.xib */ = {isa = PBXFileReference; lastKnownFileType = file.xib; path = ListTableViewCell.xib; sourceTree = "<group>"; };
		35AC94E128910CB20014E032 /* MyPlayground.playground */ = {isa = PBXFileReference; lastKnownFileType = file.playground; path = MyPlayground.playground; sourceTree = "<group>"; xcLanguageSpecificationIdentifier = xcode.lang.swift; };
		35AC94E228920CD90014E032 /* ViewPresentableProtocol.swift */ = {isa = PBXFileReference; lastKnownFileType = sourcecode.swift; path = ViewPresentableProtocol.swift; sourceTree = "<group>"; };
		35AC94E5289223780014E032 /* LottoViewController.swift */ = {isa = PBXFileReference; lastKnownFileType = sourcecode.swift; path = LottoViewController.swift; sourceTree = "<group>"; };
		35AC94E72892306D0014E032 /* TranslateViewController.swift */ = {isa = PBXFileReference; lastKnownFileType = sourcecode.swift; path = TranslateViewController.swift; sourceTree = "<group>"; };
		35C4E0EE2897528400D9E05E /* ReusableViewProtocol.swift */ = {isa = PBXFileReference; lastKnownFileType = sourcecode.swift; path = ReusableViewProtocol.swift; sourceTree = "<group>"; };
		35C4E0F1289757AA00D9E05E /* Constant.swift */ = {isa = PBXFileReference; lastKnownFileType = sourcecode.swift; path = Constant.swift; sourceTree = "<group>"; };
		35C4E0F328975FB800D9E05E /* UserDefaultsHelper.swift */ = {isa = PBXFileReference; lastKnownFileType = sourcecode.swift; path = UserDefaultsHelper.swift; sourceTree = "<group>"; };
		35EB8FA828935D5D006A1101 /* LocationViewController.swift */ = {isa = PBXFileReference; lastKnownFileType = sourcecode.swift; path = LocationViewController.swift; sourceTree = "<group>"; };
		35EB8FAB289384FC006A1101 /* 강원교육모두 Bold.otf */ = {isa = PBXFileReference; lastKnownFileType = file; path = "강원교육모두 Bold.otf"; sourceTree = "<group>"; };
/* End PBXFileReference section */

/* Begin PBXFrameworksBuildPhase section */
		35AC94BF2890DE9F0014E032 /* Frameworks */ = {
			isa = PBXFrameworksBuildPhase;
			buildActionMask = 2147483647;
			files = (
				3549CD01289934710078E266 /* Kingfisher in Frameworks */,
				35C4E0FA28977D0900D9E05E /* SwiftyJSON in Frameworks */,
				35C4E0F728977D0000D9E05E /* Alamofire in Frameworks */,
			);
			runOnlyForDeploymentPostprocessing = 0;
		};
/* End PBXFrameworksBuildPhase section */

/* Begin PBXGroup section */
		35AC94B92890DE9F0014E032 = {
			isa = PBXGroup;
			children = (
				35667D742898BD1D0076F1E4 /* BoxOfficeModel.swift */,
				35AC94C42890DE9F0014E032 /* SeSAC2LectureNetworkBasic */,
				35AC94C32890DE9F0014E032 /* Products */,
			);
			sourceTree = "<group>";
		};
		35AC94C32890DE9F0014E032 /* Products */ = {
			isa = PBXGroup;
			children = (
				35AC94C22890DE9F0014E032 /* SeSAC2LectureNetworkBasic.app */,
			);
			name = Products;
			sourceTree = "<group>";
		};
		35AC94C42890DE9F0014E032 /* SeSAC2LectureNetworkBasic */ = {
			isa = PBXGroup;
			children = (
				35C4E0F02897577D00D9E05E /* Constant */,
				35EB8FAA289384E0006A1101 /* Resource */,
				35AC94E428920CE50014E032 /* Protocol */,
				35AC94C52890DE9F0014E032 /* AppDelegate.swift */,
				35AC94C72890DE9F0014E032 /* SceneDelegate.swift */,
				35A749D228923B5B0000F619 /* WebViewController.swift */,
				35AC94C92890DE9F0014E032 /* ViewController.swift */,
				35AC94CB2890DE9F0014E032 /* Main.storyboard */,
				35667D722898A9F70076F1E4 /* BeerViewController.swift */,
				35EB8FA828935D5D006A1101 /* LocationViewController.swift */,
				35AC94E72892306D0014E032 /* TranslateViewController.swift */,
				35AC94E5289223780014E032 /* LottoViewController.swift */,
				35AC94D92890E1FD0014E032 /* SearchViewController.swift */,
				35AC94DD2890E4E00014E032 /* ListTableViewCell.swift */,
				35AC94DE2890E4E00014E032 /* ListTableViewCell.xib */,
				35AC94CE2890DEA10014E032 /* Assets.xcassets */,
				35AC94D02890DEA10014E032 /* LaunchScreen.storyboard */,
				35AC94E128910CB20014E032 /* MyPlayground.playground */,
				35AC94D32890DEA10014E032 /* Info.plist */,
			);
			path = SeSAC2LectureNetworkBasic;
			sourceTree = "<group>";
		};
		35AC94E428920CE50014E032 /* Protocol */ = {
			isa = PBXGroup;
			children = (
				35AC94E228920CD90014E032 /* ViewPresentableProtocol.swift */,
				35C4E0EE2897528400D9E05E /* ReusableViewProtocol.swift */,
			);
			path = Protocol;
			sourceTree = "<group>";
		};
		35C4E0F02897577D00D9E05E /* Constant */ = {
			isa = PBXGroup;
			children = (
				35C4E0F1289757AA00D9E05E /* Constant.swift */,
				35C4E0F328975FB800D9E05E /* UserDefaultsHelper.swift */,
			);
			path = Constant;
			sourceTree = "<group>";
		};
		35EB8FAA289384E0006A1101 /* Resource */ = {
			isa = PBXGroup;
			children = (
				35EB8FAB289384FC006A1101 /* 강원교육모두 Bold.otf */,
			);
			path = Resource;
			sourceTree = "<group>";
		};
/* End PBXGroup section */

/* Begin PBXNativeTarget section */
		35AC94C12890DE9F0014E032 /* SeSAC2LectureNetworkBasic */ = {
			isa = PBXNativeTarget;
			buildConfigurationList = 35AC94D62890DEA10014E032 /* Build configuration list for PBXNativeTarget "SeSAC2LectureNetworkBasic" */;
			buildPhases = (
				35AC94BE2890DE9F0014E032 /* Sources */,
				35AC94BF2890DE9F0014E032 /* Frameworks */,
				35AC94C02890DE9F0014E032 /* Resources */,
			);
			buildRules = (
			);
			dependencies = (
			);
			name = SeSAC2LectureNetworkBasic;
			packageProductDependencies = (
				35C4E0F628977D0000D9E05E /* Alamofire */,
				35C4E0F928977D0900D9E05E /* SwiftyJSON */,
				3549CD00289934710078E266 /* Kingfisher */,
			);
			productName = SeSAC2LectureNetworkBasic;
			productReference = 35AC94C22890DE9F0014E032 /* SeSAC2LectureNetworkBasic.app */;
			productType = "com.apple.product-type.application";
		};
/* End PBXNativeTarget section */

/* Begin PBXProject section */
		35AC94BA2890DE9F0014E032 /* Project object */ = {
			isa = PBXProject;
			attributes = {
				BuildIndependentTargetsInParallel = 1;
				LastSwiftUpdateCheck = 1340;
				LastUpgradeCheck = 1340;
				TargetAttributes = {
					35AC94C12890DE9F0014E032 = {
						CreatedOnToolsVersion = 13.4.1;
					};
				};
			};
			buildConfigurationList = 35AC94BD2890DE9F0014E032 /* Build configuration list for PBXProject "SeSAC2LectureNetworkBasic" */;
			compatibilityVersion = "Xcode 13.0";
			developmentRegion = en;
			hasScannedForEncodings = 0;
			knownRegions = (
				en,
				Base,
			);
			mainGroup = 35AC94B92890DE9F0014E032;
			packageReferences = (
				35C4E0F528977D0000D9E05E /* XCRemoteSwiftPackageReference "Alamofire" */,
				35C4E0F828977D0900D9E05E /* XCRemoteSwiftPackageReference "SwiftyJSON" */,
				3549CCFF289934710078E266 /* XCRemoteSwiftPackageReference "Kingfisher" */,
			);
			productRefGroup = 35AC94C32890DE9F0014E032 /* Products */;
			projectDirPath = "";
			projectRoot = "";
			targets = (
				35AC94C12890DE9F0014E032 /* SeSAC2LectureNetworkBasic */,
			);
		};
/* End PBXProject section */

/* Begin PBXResourcesBuildPhase section */
		35AC94C02890DE9F0014E032 /* Resources */ = {
			isa = PBXResourcesBuildPhase;
			buildActionMask = 2147483647;
			files = (
				35AC94D22890DEA10014E032 /* LaunchScreen.storyboard in Resources */,
				35AC94E02890E4E00014E032 /* ListTableViewCell.xib in Resources */,
				35EB8FAC289384FC006A1101 /* 강원교육모두 Bold.otf in Resources */,
				35AC94CF2890DEA10014E032 /* Assets.xcassets in Resources */,
				35AC94CD2890DE9F0014E032 /* Main.storyboard in Resources */,
			);
			runOnlyForDeploymentPostprocessing = 0;
		};
/* End PBXResourcesBuildPhase section */

/* Begin PBXSourcesBuildPhase section */
		35AC94BE2890DE9F0014E032 /* Sources */ = {
			isa = PBXSourcesBuildPhase;
			buildActionMask = 2147483647;
			files = (
				35AC94CA2890DE9F0014E032 /* ViewController.swift in Sources */,
				35C4E0F428975FB800D9E05E /* UserDefaultsHelper.swift in Sources */,
				35667D732898A9F70076F1E4 /* BeerViewController.swift in Sources */,
				35667D752898BD1D0076F1E4 /* BoxOfficeModel.swift in Sources */,
				35A749D328923B5B0000F619 /* WebViewController.swift in Sources */,
				35AC94C62890DE9F0014E032 /* AppDelegate.swift in Sources */,
				35AC94DA2890E1FD0014E032 /* SearchViewController.swift in Sources */,
				35AC94E6289223780014E032 /* LottoViewController.swift in Sources */,
				35EB8FA928935D5D006A1101 /* LocationViewController.swift in Sources */,
				35AC94C82890DE9F0014E032 /* SceneDelegate.swift in Sources */,
				35AC94E82892306D0014E032 /* TranslateViewController.swift in Sources */,
				35AC94E328920CD90014E032 /* ViewPresentableProtocol.swift in Sources */,
				35C4E0EF2897528400D9E05E /* ReusableViewProtocol.swift in Sources */,
				35AC94DF2890E4E00014E032 /* ListTableViewCell.swift in Sources */,
				35C4E0F2289757AA00D9E05E /* Constant.swift in Sources */,
			);
			runOnlyForDeploymentPostprocessing = 0;
		};
/* End PBXSourcesBuildPhase section */

/* Begin PBXVariantGroup section */
		35AC94CB2890DE9F0014E032 /* Main.storyboard */ = {
			isa = PBXVariantGroup;
			children = (
				35AC94CC2890DE9F0014E032 /* Base */,
			);
			name = Main.storyboard;
			sourceTree = "<group>";
		};
		35AC94D02890DEA10014E032 /* LaunchScreen.storyboard */ = {
			isa = PBXVariantGroup;
			children = (
				35AC94D12890DEA10014E032 /* Base */,
			);
			name = LaunchScreen.storyboard;
			sourceTree = "<group>";
		};
/* End PBXVariantGroup section */

/* Begin XCBuildConfiguration section */
		35AC94D42890DEA10014E032 /* Debug */ = {
			isa = XCBuildConfiguration;
			buildSettings = {
				ALWAYS_SEARCH_USER_PATHS = NO;
				CLANG_ANALYZER_NONNULL = YES;
				CLANG_ANALYZER_NUMBER_OBJECT_CONVERSION = YES_AGGRESSIVE;
				CLANG_CXX_LANGUAGE_STANDARD = "gnu++17";
				CLANG_ENABLE_MODULES = YES;
				CLANG_ENABLE_OBJC_ARC = YES;
				CLANG_ENABLE_OBJC_WEAK = YES;
				CLANG_WARN_BLOCK_CAPTURE_AUTORELEASING = YES;
				CLANG_WARN_BOOL_CONVERSION = YES;
				CLANG_WARN_COMMA = YES;
				CLANG_WARN_CONSTANT_CONVERSION = YES;
				CLANG_WARN_DEPRECATED_OBJC_IMPLEMENTATIONS = YES;
				CLANG_WARN_DIRECT_OBJC_ISA_USAGE = YES_ERROR;
				CLANG_WARN_DOCUMENTATION_COMMENTS = YES;
				CLANG_WARN_EMPTY_BODY = YES;
				CLANG_WARN_ENUM_CONVERSION = YES;
				CLANG_WARN_INFINITE_RECURSION = YES;
				CLANG_WARN_INT_CONVERSION = YES;
				CLANG_WARN_NON_LITERAL_NULL_CONVERSION = YES;
				CLANG_WARN_OBJC_IMPLICIT_RETAIN_SELF = YES;
				CLANG_WARN_OBJC_LITERAL_CONVERSION = YES;
				CLANG_WARN_OBJC_ROOT_CLASS = YES_ERROR;
				CLANG_WARN_QUOTED_INCLUDE_IN_FRAMEWORK_HEADER = YES;
				CLANG_WARN_RANGE_LOOP_ANALYSIS = YES;
				CLANG_WARN_STRICT_PROTOTYPES = YES;
				CLANG_WARN_SUSPICIOUS_MOVE = YES;
				CLANG_WARN_UNGUARDED_AVAILABILITY = YES_AGGRESSIVE;
				CLANG_WARN_UNREACHABLE_CODE = YES;
				CLANG_WARN__DUPLICATE_METHOD_MATCH = YES;
				COPY_PHASE_STRIP = NO;
				DEBUG_INFORMATION_FORMAT = dwarf;
				ENABLE_STRICT_OBJC_MSGSEND = YES;
				ENABLE_TESTABILITY = YES;
				GCC_C_LANGUAGE_STANDARD = gnu11;
				GCC_DYNAMIC_NO_PIC = NO;
				GCC_NO_COMMON_BLOCKS = YES;
				GCC_OPTIMIZATION_LEVEL = 0;
				GCC_PREPROCESSOR_DEFINITIONS = (
					"DEBUG=1",
					"$(inherited)",
				);
				GCC_WARN_64_TO_32_BIT_CONVERSION = YES;
				GCC_WARN_ABOUT_RETURN_TYPE = YES_ERROR;
				GCC_WARN_UNDECLARED_SELECTOR = YES;
				GCC_WARN_UNINITIALIZED_AUTOS = YES_AGGRESSIVE;
				GCC_WARN_UNUSED_FUNCTION = YES;
				GCC_WARN_UNUSED_VARIABLE = YES;
				IPHONEOS_DEPLOYMENT_TARGET = 15.5;
				MTL_ENABLE_DEBUG_INFO = INCLUDE_SOURCE;
				MTL_FAST_MATH = YES;
				ONLY_ACTIVE_ARCH = YES;
				SDKROOT = iphoneos;
				SWIFT_ACTIVE_COMPILATION_CONDITIONS = DEBUG;
				SWIFT_OPTIMIZATION_LEVEL = "-Onone";
			};
			name = Debug;
		};
		35AC94D52890DEA10014E032 /* Release */ = {
			isa = XCBuildConfiguration;
			buildSettings = {
				ALWAYS_SEARCH_USER_PATHS = NO;
				CLANG_ANALYZER_NONNULL = YES;
				CLANG_ANALYZER_NUMBER_OBJECT_CONVERSION = YES_AGGRESSIVE;
				CLANG_CXX_LANGUAGE_STANDARD = "gnu++17";
				CLANG_ENABLE_MODULES = YES;
				CLANG_ENABLE_OBJC_ARC = YES;
				CLANG_ENABLE_OBJC_WEAK = YES;
				CLANG_WARN_BLOCK_CAPTURE_AUTORELEASING = YES;
				CLANG_WARN_BOOL_CONVERSION = YES;
				CLANG_WARN_COMMA = YES;
				CLANG_WARN_CONSTANT_CONVERSION = YES;
				CLANG_WARN_DEPRECATED_OBJC_IMPLEMENTATIONS = YES;
				CLANG_WARN_DIRECT_OBJC_ISA_USAGE = YES_ERROR;
				CLANG_WARN_DOCUMENTATION_COMMENTS = YES;
				CLANG_WARN_EMPTY_BODY = YES;
				CLANG_WARN_ENUM_CONVERSION = YES;
				CLANG_WARN_INFINITE_RECURSION = YES;
				CLANG_WARN_INT_CONVERSION = YES;
				CLANG_WARN_NON_LITERAL_NULL_CONVERSION = YES;
				CLANG_WARN_OBJC_IMPLICIT_RETAIN_SELF = YES;
				CLANG_WARN_OBJC_LITERAL_CONVERSION = YES;
				CLANG_WARN_OBJC_ROOT_CLASS = YES_ERROR;
				CLANG_WARN_QUOTED_INCLUDE_IN_FRAMEWORK_HEADER = YES;
				CLANG_WARN_RANGE_LOOP_ANALYSIS = YES;
				CLANG_WARN_STRICT_PROTOTYPES = YES;
				CLANG_WARN_SUSPICIOUS_MOVE = YES;
				CLANG_WARN_UNGUARDED_AVAILABILITY = YES_AGGRESSIVE;
				CLANG_WARN_UNREACHABLE_CODE = YES;
				CLANG_WARN__DUPLICATE_METHOD_MATCH = YES;
				COPY_PHASE_STRIP = NO;
				DEBUG_INFORMATION_FORMAT = "dwarf-with-dsym";
				ENABLE_NS_ASSERTIONS = NO;
				ENABLE_STRICT_OBJC_MSGSEND = YES;
				GCC_C_LANGUAGE_STANDARD = gnu11;
				GCC_NO_COMMON_BLOCKS = YES;
				GCC_WARN_64_TO_32_BIT_CONVERSION = YES;
				GCC_WARN_ABOUT_RETURN_TYPE = YES_ERROR;
				GCC_WARN_UNDECLARED_SELECTOR = YES;
				GCC_WARN_UNINITIALIZED_AUTOS = YES_AGGRESSIVE;
				GCC_WARN_UNUSED_FUNCTION = YES;
				GCC_WARN_UNUSED_VARIABLE = YES;
				IPHONEOS_DEPLOYMENT_TARGET = 15.5;
				MTL_ENABLE_DEBUG_INFO = NO;
				MTL_FAST_MATH = YES;
				SDKROOT = iphoneos;
				SWIFT_COMPILATION_MODE = wholemodule;
				SWIFT_OPTIMIZATION_LEVEL = "-O";
				VALIDATE_PRODUCT = YES;
			};
			name = Release;
		};
		35AC94D72890DEA10014E032 /* Debug */ = {
			isa = XCBuildConfiguration;
			buildSettings = {
				ASSETCATALOG_COMPILER_APPICON_NAME = AppIcon;
				ASSETCATALOG_COMPILER_GLOBAL_ACCENT_COLOR_NAME = AccentColor;
				CODE_SIGN_STYLE = Automatic;
				CURRENT_PROJECT_VERSION = 1;
				DEVELOPMENT_TEAM = BG68R7N92W;
				GENERATE_INFOPLIST_FILE = YES;
				INFOPLIST_FILE = SeSAC2LectureNetworkBasic/Info.plist;
				INFOPLIST_KEY_UIApplicationSupportsIndirectInputEvents = YES;
				INFOPLIST_KEY_UILaunchStoryboardName = LaunchScreen;
				INFOPLIST_KEY_UIMainStoryboardFile = Main;
				INFOPLIST_KEY_UISupportedInterfaceOrientations_iPad = "UIInterfaceOrientationPortrait UIInterfaceOrientationPortraitUpsideDown UIInterfaceOrientationLandscapeLeft UIInterfaceOrientationLandscapeRight";
				INFOPLIST_KEY_UISupportedInterfaceOrientations_iPhone = "UIInterfaceOrientationPortrait UIInterfaceOrientationLandscapeLeft UIInterfaceOrientationLandscapeRight";
				LD_RUNPATH_SEARCH_PATHS = (
					"$(inherited)",
					"@executable_path/Frameworks",
				);
				MARKETING_VERSION = 1.0;
				PRODUCT_BUNDLE_IDENTIFIER = com.soul.SeSAC2LectureNetworkBasic;
				PRODUCT_NAME = "$(TARGET_NAME)";
				SWIFT_EMIT_LOC_STRINGS = YES;
				SWIFT_VERSION = 5.0;
				TARGETED_DEVICE_FAMILY = "1,2";
			};
			name = Debug;
		};
		35AC94D82890DEA10014E032 /* Release */ = {
			isa = XCBuildConfiguration;
			buildSettings = {
				ASSETCATALOG_COMPILER_APPICON_NAME = AppIcon;
				ASSETCATALOG_COMPILER_GLOBAL_ACCENT_COLOR_NAME = AccentColor;
				CODE_SIGN_STYLE = Automatic;
				CURRENT_PROJECT_VERSION = 1;
				DEVELOPMENT_TEAM = BG68R7N92W;
				GENERATE_INFOPLIST_FILE = YES;
				INFOPLIST_FILE = SeSAC2LectureNetworkBasic/Info.plist;
				INFOPLIST_KEY_UIApplicationSupportsIndirectInputEvents = YES;
				INFOPLIST_KEY_UILaunchStoryboardName = LaunchScreen;
				INFOPLIST_KEY_UIMainStoryboardFile = Main;
				INFOPLIST_KEY_UISupportedInterfaceOrientations_iPad = "UIInterfaceOrientationPortrait UIInterfaceOrientationPortraitUpsideDown UIInterfaceOrientationLandscapeLeft UIInterfaceOrientationLandscapeRight";
				INFOPLIST_KEY_UISupportedInterfaceOrientations_iPhone = "UIInterfaceOrientationPortrait UIInterfaceOrientationLandscapeLeft UIInterfaceOrientationLandscapeRight";
				LD_RUNPATH_SEARCH_PATHS = (
					"$(inherited)",
					"@executable_path/Frameworks",
				);
				MARKETING_VERSION = 1.0;
				PRODUCT_BUNDLE_IDENTIFIER = com.soul.SeSAC2LectureNetworkBasic;
				PRODUCT_NAME = "$(TARGET_NAME)";
				SWIFT_EMIT_LOC_STRINGS = YES;
				SWIFT_VERSION = 5.0;
				TARGETED_DEVICE_FAMILY = "1,2";
			};
			name = Release;
		};
/* End XCBuildConfiguration section */

/* Begin XCConfigurationList section */
		35AC94BD2890DE9F0014E032 /* Build configuration list for PBXProject "SeSAC2LectureNetworkBasic" */ = {
			isa = XCConfigurationList;
			buildConfigurations = (
				35AC94D42890DEA10014E032 /* Debug */,
				35AC94D52890DEA10014E032 /* Release */,
			);
			defaultConfigurationIsVisible = 0;
			defaultConfigurationName = Release;
		};
		35AC94D62890DEA10014E032 /* Build configuration list for PBXNativeTarget "SeSAC2LectureNetworkBasic" */ = {
			isa = XCConfigurationList;
			buildConfigurations = (
				35AC94D72890DEA10014E032 /* Debug */,
				35AC94D82890DEA10014E032 /* Release */,
			);
			defaultConfigurationIsVisible = 0;
			defaultConfigurationName = Release;
		};
/* End XCConfigurationList section */

/* Begin XCRemoteSwiftPackageReference section */
		3549CCFF289934710078E266 /* XCRemoteSwiftPackageReference "Kingfisher" */ = {
			isa = XCRemoteSwiftPackageReference;
			repositoryURL = "https://github.com/onevcat/Kingfisher.git";
			requirement = {
				kind = upToNextMajorVersion;
				minimumVersion = 7.0.0;
			};
		};
		35C4E0F528977D0000D9E05E /* XCRemoteSwiftPackageReference "Alamofire" */ = {
			isa = XCRemoteSwiftPackageReference;
			repositoryURL = "https://github.com/Alamofire/Alamofire.git";
			requirement = {
				kind = upToNextMajorVersion;
				minimumVersion = 5.0.0;
			};
		};
		35C4E0F828977D0900D9E05E /* XCRemoteSwiftPackageReference "SwiftyJSON" */ = {
			isa = XCRemoteSwiftPackageReference;
			repositoryURL = "https://github.com/SwiftyJSON/SwiftyJSON.git";
			requirement = {
				kind = upToNextMajorVersion;
				minimumVersion = 5.0.0;
			};
		};
/* End XCRemoteSwiftPackageReference section */

/* Begin XCSwiftPackageProductDependency section */
		3549CD00289934710078E266 /* Kingfisher */ = {
			isa = XCSwiftPackageProductDependency;
			package = 3549CCFF289934710078E266 /* XCRemoteSwiftPackageReference "Kingfisher" */;
			productName = Kingfisher;
		};
		35C4E0F628977D0000D9E05E /* Alamofire */ = {
			isa = XCSwiftPackageProductDependency;
			package = 35C4E0F528977D0000D9E05E /* XCRemoteSwiftPackageReference "Alamofire" */;
			productName = Alamofire;
		};
		35C4E0F928977D0900D9E05E /* SwiftyJSON */ = {
			isa = XCSwiftPackageProductDependency;
			package = 35C4E0F828977D0900D9E05E /* XCRemoteSwiftPackageReference "SwiftyJSON" */;
			productName = SwiftyJSON;
		};
/* End XCSwiftPackageProductDependency section */
	};
	rootObject = 35AC94BA2890DE9F0014E032 /* Project object */;
}
